
Microsoft Visual Studio Solution File, Format Version 12.00
# Visual Studio Version 16
VisualStudioVersion = 16.0.30011.22
MinimumVisualStudioVersion = 10.0.40219.1
Project("{FAE04EC0-301F-11D3-BF4B-00C04F79EFBC}") = "DogWalker", "DogWalker\DogWalker.csproj", "{A38A9CDD-C60C-4975-9AAE-E74F68E7EFB7}"
EndProject
Global
	GlobalSection(SolutionConfigurationPlatforms) = preSolution
		Debug|Any CPU = Debug|Any CPU
		Release|Any CPU = Release|Any CPU
	EndGlobalSection
	GlobalSection(ProjectConfigurationPlatforms) = postSolution
		{A38A9CDD-C60C-4975-9AAE-E74F68E7EFB7}.Debug|Any CPU.ActiveCfg = Debug|Any CPU
		{A38A9CDD-C60C-4975-9AAE-E74F68E7EFB7}.Debug|Any CPU.Build.0 = Debug|Any CPU
		{A38A9CDD-C60C-4975-9AAE-E74F68E7EFB7}.Release|Any CPU.ActiveCfg = Release|Any CPU
		{A38A9CDD-C60C-4975-9AAE-E74F68E7EFB7}.Release|Any CPU.Build.0 = Release|Any CPU
	EndGlobalSection
	GlobalSection(SolutionProperties) = preSolution
		HideSolutionNode = FALSE
	EndGlobalSection
	GlobalSection(ExtensibilityGlobals) = postSolution
		SolutionGuid = {EE47BC8B-C107-49ED-85DA-E0B1921A0162}
	EndGlobalSection
EndGlobal
